
Microsoft Visual Studio Solution File, Format Version 12.00
# Visual Studio 2012
Project("{FAE04EC0-301F-11D3-BF4B-00C04F79EFBC}") = "RazorPDFSample", "RazorPDFSample\RazorPDFSample.csproj", "{C0E0A816-3EFD-48FF-8F44-A9971E11A261}"
EndProject
Global
	GlobalSection(SolutionConfigurationPlatforms) = preSolution
		Debug|Any CPU = Debug|Any CPU
		Release|Any CPU = Release|Any CPU
	EndGlobalSection
	GlobalSection(ProjectConfigurationPlatforms) = postSolution
		{C0E0A816-3EFD-48FF-8F44-A9971E11A261}.Debug|Any CPU.ActiveCfg = Debug|Any CPU
		{C0E0A816-3EFD-48FF-8F44-A9971E11A261}.Debug|Any CPU.Build.0 = Debug|Any CPU
		{C0E0A816-3EFD-48FF-8F44-A9971E11A261}.Release|Any CPU.ActiveCfg = Release|Any CPU
		{C0E0A816-3EFD-48FF-8F44-A9971E11A261}.Release|Any CPU.Build.0 = Release|Any CPU
	EndGlobalSection
	GlobalSection(SolutionProperties) = preSolution
		HideSolutionNode = FALSE
	EndGlobalSection
EndGlobal
